
Microsoft Visual Studio Solution File, Format Version 12.00
# Visual Studio Version 17
VisualStudioVersion = 17.7.34009.444
MinimumVisualStudioVersion = 10.0.40219.1
Project("{9A19103F-16F7-4668-BE54-9A1E7A4F7556}") = "GoogleAuthDemo", "WebApplication1\GoogleAuthDemo.csproj", "{0DA87729-0DAF-40D7-9E13-E6B830A028B9}"
EndProject
Global
	GlobalSection(SolutionConfigurationPlatforms) = preSolution
		Debug|Any CPU = Debug|Any CPU
		Release|Any CPU = Release|Any CPU
	EndGlobalSection
	GlobalSection(ProjectConfigurationPlatforms) = postSolution
		{0DA87729-0DAF-40D7-9E13-E6B830A028B9}.Debug|Any CPU.ActiveCfg = Debug|Any CPU
		{0DA87729-0DAF-40D7-9E13-E6B830A028B9}.Debug|Any CPU.Build.0 = Debug|Any CPU
		{0DA87729-0DAF-40D7-9E13-E6B830A028B9}.Release|Any CPU.ActiveCfg = Release|Any CPU
		{0DA87729-0DAF-40D7-9E13-E6B830A028B9}.Release|Any CPU.Build.0 = Release|Any CPU
	EndGlobalSection
	GlobalSection(SolutionProperties) = preSolution
		HideSolutionNode = FALSE
	EndGlobalSection
	GlobalSection(ExtensibilityGlobals) = postSolution
		SolutionGuid = {73094121-0932-4B08-AFA6-69F7D03BC3A4}
	EndGlobalSection
EndGlobal
